<?xml version="1.0" encoding="utf-8"?>
<Project ToolsVersion="4.0" xmlns="http://schemas.microsoft.com/developer/msbuild/2003">
  <ItemGroup>
    <Filter Include="Исходные файлы">
      <UniqueIdentifier>{4FC737F1-C7A5-4376-A066-2A32D752A2FF}</UniqueIdentifier>
      <Extensions>cpp;c;cc;cxx;c++;cppm;ixx;def;odl;idl;hpj;bat;asm;asmx</Extensions>
    </Filter>
    <Filter Include="Файлы заголовков">
      <UniqueIdentifier>{93995380-89BD-4b04-88EB-625FBE52EBFB}</UniqueIdentifier>
      <Extensions>h;hh;hpp;hxx;h++;hm;inl;inc;ipp;xsd</Extensions>
    </Filter>
    <Filter Include="Файлы ресурсов">
      <UniqueIdentifier>{67DA6AB6-F800-4c08-8B7A-83BB121AAD01}</UniqueIdentifier>
      <Extensions>rc;ico;cur;bmp;dlg;rc2;rct;bin;rgs;gif;jpg;jpeg;jpe;resx;tiff;tif;png;wav;mfcribbon-ms</Extensions>
    </Filter>
    <Filter Include="Файлы заголовков\sockets">
      <UniqueIdentifier>{f749dbab-b8e8-4ff0-a40d-9effaf040813}</UniqueIdentifier>
    </Filter>
    <Filter Include="Файлы заголовков\ui">
      <UniqueIdentifier>{a7ff1ab7-53a5-4197-8a4a-1376c7d2bc54}</UniqueIdentifier>
    </Filter>
    <Filter Include="Файлы заголовков\models">
      <UniqueIdentifier>{bdad5caa-3495-4df0-bb27-6a88d99d6872}</UniqueIdentifier>
    </Filter>
    <Filter Include="Исходные файлы\ui">
      <UniqueIdentifier>{c649496b-c9d7-4ccc-a454-c98c18dc1d72}</UniqueIdentifier>
    </Filter>
  </ItemGroup>
  <ItemGroup>
    <ClInclude Include="item.h">
      <Filter>Файлы заголовков</Filter>
    </ClInclude>
    <ClInclude Include="queue.h">
      <Filter>Файлы заголовков</Filter>
    </ClInclude>
    <ClInclude Include="item-receiver.h">
      <Filter>Файлы заголовков</Filter>
    </ClInclude>
    <ClInclude Include="lib.h">
      <Filter>Файлы заголовков</Filter>
    </ClInclude>
    <ClInclude Include="item-producer.h">
      <Filter>Файлы заголовков</Filter>
    </ClInclude>
    <ClInclude Include="outputable.h">
      <Filter>Файлы заголовков</Filter>
    </ClInclude>
    <ClInclude Include="inputable.h">
      <Filter>Файлы заголовков</Filter>
    </ClInclude>
    <ClInclude Include="input-socket.h">
      <Filter>Файлы заголовков\sockets</Filter>
    </ClInclude>
    <ClInclude Include="output-socket.h">
      <Filter>Файлы заголовков\sockets</Filter>
    </ClInclude>
    <ClInclude Include="item-observer.h">
      <Filter>Файлы заголовков</Filter>
    </ClInclude>
    <ClInclude Include="runnable.h">
      <Filter>Файлы заголовков</Filter>
    </ClInclude>
    <ClInclude Include="observer.h">
      <Filter>Файлы заголовков</Filter>
    </ClInclude>
    <ClInclude Include="resource.h">
      <Filter>Файлы заголовков</Filter>
    </ClInclude>
    <ClInclude Include="label.h">
      <Filter>Файлы заголовков\ui</Filter>
    </ClInclude>
    <ClInclude Include="workstation.h">
      <Filter>Файлы заголовков\models</Filter>
    </ClInclude>
    <ClInclude Include="streamline.h">
      <Filter>Файлы заголовков\models</Filter>
    </ClInclude>
    <ClInclude Include="generator.h">
      <Filter>Файлы заголовков\models</Filter>
    </ClInclude>
    <ClInclude Include="model.h">
      <Filter>Файлы заголовков\models</Filter>
    </ClInclude>
    <ClInclude Include="storage.h">
      <Filter>Файлы заголовков\models</Filter>
    </ClInclude>
    <ClInclude Include="logger.h">
      <Filter>Файлы заголовков</Filter>
    </ClInclude>
    <ClInclude Include="configuration.h">
      <Filter>Файлы заголовков</Filter>
    </ClInclude>
    <ClInclude Include="number-input.h">
      <Filter>Файлы заголовков\ui</Filter>
    </ClInclude>
    <ClInclude Include="progress-bar.h">
      <Filter>Файлы заголовков\ui</Filter>
    </ClInclude>
    <ClInclude Include="ui.h">
      <Filter>Файлы заголовков\ui</Filter>
    </ClInclude>
    <ClInclude Include="combo-box.h">
      <Filter>Файлы заголовков\ui</Filter>
    </ClInclude>
    <ClInclude Include="input-box.h">
      <Filter>Файлы заголовков\ui</Filter>
    </ClInclude>
    <ClInclude Include="tooltip.h">
      <Filter>Файлы заголовков</Filter>
    </ClInclude>
    <ClInclude Include="check-box.h">
      <Filter>Файлы заголовков\ui</Filter>
    </ClInclude>
    <ClInclude Include="context-menu.h">
      <Filter>Файлы заголовков\ui</Filter>
    </ClInclude>
    <ClInclude Include="list-box.h">
      <Filter>Файлы заголовков\ui</Filter>
    </ClInclude>
  </ItemGroup>
  <ItemGroup>
    <ClCompile Include="item.cpp">
      <Filter>Исходные файлы</Filter>
    </ClCompile>
    <ClCompile Include="source.cpp">
      <Filter>Исходные файлы</Filter>
    </ClCompile>
    <ClCompile Include="generator.cpp">
      <Filter>Исходные файлы</Filter>
    </ClCompile>
    <ClCompile Include="storage.cpp">
      <Filter>Исходные файлы</Filter>
    </ClCompile>
    <ClCompile Include="streamline.cpp">
      <Filter>Исходные файлы</Filter>
    </ClCompile>
    <ClCompile Include="workstation.cpp">
      <Filter>Исходные файлы</Filter>
    </ClCompile>
    <ClCompile Include="configuration.cpp">
      <Filter>Исходные файлы</Filter>
    </ClCompile>
    <ClCompile Include="combo-box.cpp">
      <Filter>Исходные файлы\ui</Filter>
    </ClCompile>
    <ClCompile Include="ui.cpp">
      <Filter>Исходные файлы\ui</Filter>
    </ClCompile>
    <ClCompile Include="runnable.cpp">
      <Filter>Исходные файлы</Filter>
    </ClCompile>
    <ClCompile Include="input-box.cpp">
      <Filter>Исходные файлы\ui</Filter>
    </ClCompile>
    <ClCompile Include="tooltip.cpp">
      <Filter>Исходные файлы\ui</Filter>
    </ClCompile>
    <ClCompile Include="list-box.cpp">
      <Filter>Исходные файлы\ui</Filter>
    </ClCompile>
  </ItemGroup>
  <ItemGroup>
    <ResourceCompile Include="streamline.rc">
      <Filter>Файлы ресурсов</Filter>
    </ResourceCompile>
  </ItemGroup>
  <ItemGroup>
    <Image Include="bitmap2.bmp">
      <Filter>Файлы ресурсов</Filter>
    </Image>
    <Image Include="toolbar1.bmp">
      <Filter>Файлы ресурсов</Filter>
    </Image>
  </ItemGroup>
</Project>